
Microsoft Visual Studio Solution File, Format Version 12.00
# Visual Studio Version 17
VisualStudioVersion = 17.8.34525.116
MinimumVisualStudioVersion = 10.0.40219.1
Project("{FAE04EC0-301F-11D3-BF4B-00C04F79EFBC}") = "Promedio", "Promedio\Promedio.csproj", "{D057678E-7E8A-47AC-885F-7BDFD32EF145}"
EndProject
Global
	GlobalSection(SolutionConfigurationPlatforms) = preSolution
		Debug|Any CPU = Debug|Any CPU
		Release|Any CPU = Release|Any CPU
	EndGlobalSection
	GlobalSection(ProjectConfigurationPlatforms) = postSolution
		{D057678E-7E8A-47AC-885F-7BDFD32EF145}.Debug|Any CPU.ActiveCfg = Debug|Any CPU
		{D057678E-7E8A-47AC-885F-7BDFD32EF145}.Debug|Any CPU.Build.0 = Debug|Any CPU
		{D057678E-7E8A-47AC-885F-7BDFD32EF145}.Release|Any CPU.ActiveCfg = Release|Any CPU
		{D057678E-7E8A-47AC-885F-7BDFD32EF145}.Release|Any CPU.Build.0 = Release|Any CPU
	EndGlobalSection
	GlobalSection(SolutionProperties) = preSolution
		HideSolutionNode = FALSE
	EndGlobalSection
	GlobalSection(ExtensibilityGlobals) = postSolution
		SolutionGuid = {7FF72961-8AA2-4727-AAB0-E24DE8CAC3DF}
	EndGlobalSection
EndGlobal
